
Microsoft Visual Studio Solution File, Format Version 12.00
# Visual Studio Version 16
VisualStudioVersion = 16.0.29905.134
MinimumVisualStudioVersion = 10.0.40219.1
Project("{9A19103F-16F7-4668-BE54-9A1E7A4F7556}") = "Backend.API", "Backend.API\Backend.API.csproj", "{10245FEC-73DF-4A26-916C-6E350B15CF13}"
	ProjectSection(ProjectDependencies) = postProject
		{8CCCC60A-CD25-4E97-8328-F7CFAEC0196C} = {8CCCC60A-CD25-4E97-8328-F7CFAEC0196C}
		{D14CFDB4-416C-476E-9E03-423E7E7BE7AE} = {D14CFDB4-416C-476E-9E03-423E7E7BE7AE}
	EndProjectSection
EndProject
Project("{FAE04EC0-301F-11D3-BF4B-00C04F79EFBC}") = "Backend.Core", "Backend.Core\Backend.Core.csproj", "{8CCCC60A-CD25-4E97-8328-F7CFAEC0196C}"
EndProject
Project("{FAE04EC0-301F-11D3-BF4B-00C04F79EFBC}") = "Backend.Infrastructure", "Backend.Infrastructure\Backend.Infrastructure.csproj", "{D14CFDB4-416C-476E-9E03-423E7E7BE7AE}"
	ProjectSection(ProjectDependencies) = postProject
		{8CCCC60A-CD25-4E97-8328-F7CFAEC0196C} = {8CCCC60A-CD25-4E97-8328-F7CFAEC0196C}
	EndProjectSection
EndProject
Global
	GlobalSection(SolutionConfigurationPlatforms) = preSolution
		Debug|Any CPU = Debug|Any CPU
		Release|Any CPU = Release|Any CPU
	EndGlobalSection
	GlobalSection(ProjectConfigurationPlatforms) = postSolution
		{10245FEC-73DF-4A26-916C-6E350B15CF13}.Debug|Any CPU.ActiveCfg = Debug|Any CPU
		{10245FEC-73DF-4A26-916C-6E350B15CF13}.Debug|Any CPU.Build.0 = Debug|Any CPU
		{10245FEC-73DF-4A26-916C-6E350B15CF13}.Release|Any CPU.ActiveCfg = Release|Any CPU
		{10245FEC-73DF-4A26-916C-6E350B15CF13}.Release|Any CPU.Build.0 = Release|Any CPU
		{8CCCC60A-CD25-4E97-8328-F7CFAEC0196C}.Debug|Any CPU.ActiveCfg = Debug|Any CPU
		{8CCCC60A-CD25-4E97-8328-F7CFAEC0196C}.Debug|Any CPU.Build.0 = Debug|Any CPU
		{8CCCC60A-CD25-4E97-8328-F7CFAEC0196C}.Release|Any CPU.ActiveCfg = Release|Any CPU
		{8CCCC60A-CD25-4E97-8328-F7CFAEC0196C}.Release|Any CPU.Build.0 = Release|Any CPU
		{D14CFDB4-416C-476E-9E03-423E7E7BE7AE}.Debug|Any CPU.ActiveCfg = Debug|Any CPU
		{D14CFDB4-416C-476E-9E03-423E7E7BE7AE}.Debug|Any CPU.Build.0 = Debug|Any CPU
		{D14CFDB4-416C-476E-9E03-423E7E7BE7AE}.Release|Any CPU.ActiveCfg = Release|Any CPU
		{D14CFDB4-416C-476E-9E03-423E7E7BE7AE}.Release|Any CPU.Build.0 = Release|Any CPU
	EndGlobalSection
	GlobalSection(SolutionProperties) = preSolution
		HideSolutionNode = FALSE
	EndGlobalSection
	GlobalSection(ExtensibilityGlobals) = postSolution
		SolutionGuid = {C8FE41FC-8E0D-47A2-B58F-26B7DED598DC}
	EndGlobalSection
EndGlobal
